
Microsoft Visual Studio Solution File, Format Version 12.00
# Visual Studio Version 16
VisualStudioVersion = 16.0.30011.22
MinimumVisualStudioVersion = 10.0.40219.1
Project("{FAE04EC0-301F-11D3-BF4B-00C04F79EFBC}") = "EIS", "EIS\EIS.csproj", "{F205BFC5-B486-44BD-BD6C-E33B1EAEED08}"
EndProject
Global
	GlobalSection(SolutionConfigurationPlatforms) = preSolution
		Debug|Any CPU = Debug|Any CPU
		Release|Any CPU = Release|Any CPU
	EndGlobalSection
	GlobalSection(ProjectConfigurationPlatforms) = postSolution
		{F205BFC5-B486-44BD-BD6C-E33B1EAEED08}.Debug|Any CPU.ActiveCfg = Debug|Any CPU
		{F205BFC5-B486-44BD-BD6C-E33B1EAEED08}.Debug|Any CPU.Build.0 = Debug|Any CPU
		{F205BFC5-B486-44BD-BD6C-E33B1EAEED08}.Release|Any CPU.ActiveCfg = Release|Any CPU
		{F205BFC5-B486-44BD-BD6C-E33B1EAEED08}.Release|Any CPU.Build.0 = Release|Any CPU
	EndGlobalSection
	GlobalSection(SolutionProperties) = preSolution
		HideSolutionNode = FALSE
	EndGlobalSection
	GlobalSection(ExtensibilityGlobals) = postSolution
		SolutionGuid = {2075332F-1099-4E45-A37B-B0A6F2F169BC}
	EndGlobalSection
EndGlobal
